
Microsoft Visual Studio Solution File, Format Version 12.00
# Visual Studio 15
VisualStudioVersion = 15.0.28307.1758
MinimumVisualStudioVersion = 10.0.40219.1
Project("{159641D6-6404-4A2A-AE62-294DE0FE8301}") = "Instructor", "Instructor\Instructor.dtproj", "{428AB78B-DE72-425F-946D-B87A0A78FAA4}"
EndProject
Global
	GlobalSection(SolutionConfigurationPlatforms) = preSolution
		Development|Default = Development|Default
	EndGlobalSection
	GlobalSection(ProjectConfigurationPlatforms) = postSolution
		{428AB78B-DE72-425F-946D-B87A0A78FAA4}.Development|Default.ActiveCfg = Development
		{428AB78B-DE72-425F-946D-B87A0A78FAA4}.Development|Default.Build.0 = Development
	EndGlobalSection
	GlobalSection(SolutionProperties) = preSolution
		HideSolutionNode = FALSE
	EndGlobalSection
	GlobalSection(ExtensibilityGlobals) = postSolution
		SolutionGuid = {7D1B2DD5-5846-42A6-8AED-069AB01FB9A6}
	EndGlobalSection
EndGlobal
