
Microsoft Visual Studio Solution File, Format Version 12.00
# Visual Studio 15
VisualStudioVersion = 15.0.28307.1758
MinimumVisualStudioVersion = 10.0.40219.1
Project("{159641D6-6404-4A2A-AE62-294DE0FE8301}") = "Q_Choices", "Q_Choices\Q_Choices.dtproj", "{A6B249AC-692D-4E12-82EA-05F0A928265F}"
EndProject
Global
	GlobalSection(SolutionConfigurationPlatforms) = preSolution
		Development|Default = Development|Default
	EndGlobalSection
	GlobalSection(ProjectConfigurationPlatforms) = postSolution
		{A6B249AC-692D-4E12-82EA-05F0A928265F}.Development|Default.ActiveCfg = Development
		{A6B249AC-692D-4E12-82EA-05F0A928265F}.Development|Default.Build.0 = Development
	EndGlobalSection
	GlobalSection(SolutionProperties) = preSolution
		HideSolutionNode = FALSE
	EndGlobalSection
	GlobalSection(ExtensibilityGlobals) = postSolution
		SolutionGuid = {07745A66-E7AB-42F4-A8CD-64E47F374732}
	EndGlobalSection
EndGlobal
