
Microsoft Visual Studio Solution File, Format Version 12.00
# Visual Studio 15
VisualStudioVersion = 15.0.28307.1758
MinimumVisualStudioVersion = 10.0.40219.1
Project("{159641D6-6404-4A2A-AE62-294DE0FE8301}") = "Courses", "Courses\Courses.dtproj", "{01767245-7099-46E9-A5E2-27D110C97682}"
EndProject
Global
	GlobalSection(SolutionConfigurationPlatforms) = preSolution
		Development|Default = Development|Default
	EndGlobalSection
	GlobalSection(ProjectConfigurationPlatforms) = postSolution
		{01767245-7099-46E9-A5E2-27D110C97682}.Development|Default.ActiveCfg = Development
		{01767245-7099-46E9-A5E2-27D110C97682}.Development|Default.Build.0 = Development
	EndGlobalSection
	GlobalSection(SolutionProperties) = preSolution
		HideSolutionNode = FALSE
	EndGlobalSection
	GlobalSection(ExtensibilityGlobals) = postSolution
		SolutionGuid = {8D06BA3B-2163-45A8-9C6D-D39EA4922AF6}
	EndGlobalSection
EndGlobal
