
Microsoft Visual Studio Solution File, Format Version 12.00
# Visual Studio 15
VisualStudioVersion = 15.0.28307.1758
MinimumVisualStudioVersion = 10.0.40219.1
Project("{159641D6-6404-4A2A-AE62-294DE0FE8301}") = "Topics", "Topics\Topics.dtproj", "{21EA5202-7983-449E-8294-309FF6E79C0E}"
EndProject
Global
	GlobalSection(SolutionConfigurationPlatforms) = preSolution
		Development|Default = Development|Default
	EndGlobalSection
	GlobalSection(ProjectConfigurationPlatforms) = postSolution
		{21EA5202-7983-449E-8294-309FF6E79C0E}.Development|Default.ActiveCfg = Development
		{21EA5202-7983-449E-8294-309FF6E79C0E}.Development|Default.Build.0 = Development
	EndGlobalSection
	GlobalSection(SolutionProperties) = preSolution
		HideSolutionNode = FALSE
	EndGlobalSection
	GlobalSection(ExtensibilityGlobals) = postSolution
		SolutionGuid = {A04F17F9-32B4-4B4A-A41E-0DDE76BDF822}
	EndGlobalSection
EndGlobal
